// !$*UTF8*$!
{
	archiveVersion = 1;
	classes = {
	};
	objectVersion = 46;
	objects = {

/* Begin PBXBuildFile section */
		00E356F31AD99517003FC87E /* RecomodeTests.m in Sources */ = {isa = PBXBuildFile; fileRef = 00E356F21AD99517003FC87E /* RecomodeTests.m */; };
		13B07FBC1A68108700A75B9A /* AppDelegate.m in Sources */ = {isa = PBXBuildFile; fileRef = 13B07FB01A68108700A75B9A /* AppDelegate.m */; };
		13B07FBF1A68108700A75B9A /* Images.xcassets in Resources */ = {isa = PBXBuildFile; fileRef = 13B07FB51A68108700A75B9A /* Images.xcassets */; };
		13B07FC11A68108700A75B9A /* main.m in Sources */ = {isa = PBXBuildFile; fileRef = 13B07FB71A68108700A75B9A /* main.m */; };
		2D02E4BC1E0B4A80006451C7 /* AppDelegate.m in Sources */ = {isa = PBXBuildFile; fileRef = 13B07FB01A68108700A75B9A /* AppDelegate.m */; };
		2D02E4BD1E0B4A84006451C7 /* Images.xcassets in Resources */ = {isa = PBXBuildFile; fileRef = 13B07FB51A68108700A75B9A /* Images.xcassets */; };
		2D02E4BF1E0B4AB3006451C7 /* main.m in Sources */ = {isa = PBXBuildFile; fileRef = 13B07FB71A68108700A75B9A /* main.m */; };
		2DCD954D1E0B4F2C00145EB5 /* RecomodeTests.m in Sources */ = {isa = PBXBuildFile; fileRef = 00E356F21AD99517003FC87E /* RecomodeTests.m */; };
		81AB9BB82411601600AC10FF /* LaunchScreen.storyboard in Resources */ = {isa = PBXBuildFile; fileRef = 81AB9BB72411601600AC10FF /* LaunchScreen.storyboard */; };
		B4987C203B464E7DA4749B71 /* AntDesign.ttf in Resources */ = {isa = PBXBuildFile; fileRef = 3EC35F20FB2F495BA9C68681 /* AntDesign.ttf */; };
		6446A50BAAF047949E0F8210 /* Entypo.ttf in Resources */ = {isa = PBXBuildFile; fileRef = 1DE7EBB02BB64F23A04EEEAE /* Entypo.ttf */; };
		1648462991A848E9A4B8F948 /* EvilIcons.ttf in Resources */ = {isa = PBXBuildFile; fileRef = 4E0CA115F16B40B0B1C18A25 /* EvilIcons.ttf */; };
		FEFBE2551F93437599FB72CB /* Feather.ttf in Resources */ = {isa = PBXBuildFile; fileRef = 01D5840A88F94379873BE8F6 /* Feather.ttf */; };
		958FEDDF986E41F980908FC2 /* FontAwesome.ttf in Resources */ = {isa = PBXBuildFile; fileRef = 97104B52D03D4396A214433D /* FontAwesome.ttf */; };
		0A32100819EB4ED5B2E672B4 /* FontAwesome5_Brands.ttf in Resources */ = {isa = PBXBuildFile; fileRef = FEE652FE2C4941C78CFA4E60 /* FontAwesome5_Brands.ttf */; };
		D80527CDD57845919B26ADE0 /* FontAwesome5_Regular.ttf in Resources */ = {isa = PBXBuildFile; fileRef = 2B3C1CD9773C4FEC88778120 /* FontAwesome5_Regular.ttf */; };
		CA7E791A6B9B448FAC2EF4AF /* FontAwesome5_Solid.ttf in Resources */ = {isa = PBXBuildFile; fileRef = 0B70D0C43F0D4BA7908EB1DF /* FontAwesome5_Solid.ttf */; };
		89FB76C68C214893A152E600 /* Fontisto.ttf in Resources */ = {isa = PBXBuildFile; fileRef = FB3EF9B19DA94320A61116FD /* Fontisto.ttf */; };
		8C2B910465054A5C8069BDB6 /* Foundation.ttf in Resources */ = {isa = PBXBuildFile; fileRef = BD3A17962599402FA67CE71B /* Foundation.ttf */; };
		6FEC4754725B4646BE87C972 /* Ionicons.ttf in Resources */ = {isa = PBXBuildFile; fileRef = 7F7820D953DD4744BBD5E779 /* Ionicons.ttf */; };
		85339AB8536C4C18A6521298 /* MaterialCommunityIcons.ttf in Resources */ = {isa = PBXBuildFile; fileRef = B7440E31ACAD4440B04B5FB1 /* MaterialCommunityIcons.ttf */; };
		66A1E5A0B9DE443C8B9CA569 /* MaterialIcons.ttf in Resources */ = {isa = PBXBuildFile; fileRef = C9DAB8EAC0AF4C6AAB37D7E7 /* MaterialIcons.ttf */; };
		0F1FCA507FE34A728DE0E9C0 /* Octicons.ttf in Resources */ = {isa = PBXBuildFile; fileRef = 4BCBA89E67A94928ACAB397C /* Octicons.ttf */; };
		812571D2B12F4AEFA05CE328 /* SimpleLineIcons.ttf in Resources */ = {isa = PBXBuildFile; fileRef = 2B1FCD7E2B8741E9ADF6734F /* SimpleLineIcons.ttf */; };
		46F016A59A1E447FA865882A /* Zocial.ttf in Resources */ = {isa = PBXBuildFile; fileRef = 844119DA2330445EBA6C7DF1 /* Zocial.ttf */; };
		E97A85548F8349328F71459C /* SFProText-Bold.ttf in Resources */ = {isa = PBXBuildFile; fileRef = 234428BADC004309A9913B0C /* SFProText-Bold.ttf */; };
		8116A643B7C043E0A42934B9 /* SFProText-Regular.ttf in Resources */ = {isa = PBXBuildFile; fileRef = F0D3DADAB68F40E8952A1623 /* SFProText-Regular.ttf */; };
		40080808910646958627854E /* SFProText-Semibold.ttf in Resources */ = {isa = PBXBuildFile; fileRef = 1F102418CA214869BA02E2C2 /* SFProText-Semibold.ttf */; };
		88A09ACEAA9444C3859C75C4 /* ECLock.png in Resources */ = {isa = PBXBuildFile; fileRef = 6985959A3387409FA4687424 /* ECLock.png */; };
		E179B13E052C4B97ACC0C024 /* email.png in Resources */ = {isa = PBXBuildFile; fileRef = CDE58D06897B443B8A9A0BB3 /* email.png */; };
		260455717F9248EC9EE780B7 /* facebook.png in Resources */ = {isa = PBXBuildFile; fileRef = 8A6FD50FA55A41BDA6EA177A /* facebook.png */; };
		05EE14CF4551430595862C69 /* google.png in Resources */ = {isa = PBXBuildFile; fileRef = BD56BDE1AD0B4941B3EE70B7 /* google.png */; };
		8CADEDBC9F184D0595307737 /* login.png in Resources */ = {isa = PBXBuildFile; fileRef = 2F20C5CF342848DA8352E8A3 /* login.png */; };
		9147E47631B64EC89AB7C763 /* manBlack.png in Resources */ = {isa = PBXBuildFile; fileRef = 582D641859B141E1B1061777 /* manBlack.png */; };
		014ABA2F28DF468985C66FE7 /* manBlonde.png in Resources */ = {isa = PBXBuildFile; fileRef = F41F810D25D248C79FDE8321 /* manBlonde.png */; };
		C32E21E2276944A5948EE9B0 /* manBrown.png in Resources */ = {isa = PBXBuildFile; fileRef = A029C046C221454EA07A2564 /* manBrown.png */; };
		6B823125FF33437696ACF73F /* manGrey.png in Resources */ = {isa = PBXBuildFile; fileRef = ADD25FF6F4434DCE86269DBE /* manGrey.png */; };
		0F3C436199424CF191E1B6B1 /* manRed.png in Resources */ = {isa = PBXBuildFile; fileRef = E0C914E618B74ED9BE031EA9 /* manRed.png */; };
		66D8F86AFC974CE8924B26BB /* manWhite.png in Resources */ = {isa = PBXBuildFile; fileRef = 857DE6B90A5448D39ED234AC /* manWhite.png */; };
		CC88F465276C4D9481F174D4 /* men.png in Resources */ = {isa = PBXBuildFile; fileRef = 034F4316F38147D59162EDE4 /* men.png */; };
		1AEEF547072C44FE9B63799D /* register.png in Resources */ = {isa = PBXBuildFile; fileRef = BB1500D4E69445B08BC2F78B /* register.png */; };
		210E1C3DB77C495685D252CD /* womanBlack.png in Resources */ = {isa = PBXBuildFile; fileRef = 5DCD2330F19943D9AFA23171 /* womanBlack.png */; };
		4B2F6A49A572462AA69315B7 /* womanBlonde.png in Resources */ = {isa = PBXBuildFile; fileRef = AEE13336E8064BABB982CE0F /* womanBlonde.png */; };
		A62161BFBCB94833B5711572 /* womanBrown.png in Resources */ = {isa = PBXBuildFile; fileRef = 022CCCF3C8394F35882BBA25 /* womanBrown.png */; };
		A1883F2F830248D9A88184CA /* womanGrey.png in Resources */ = {isa = PBXBuildFile; fileRef = B3AB94E58218451AB9F3D192 /* womanGrey.png */; };
		BE92E210E75740F1AD18DC82 /* womanRed.png in Resources */ = {isa = PBXBuildFile; fileRef = 9CA17A9DD3BE46D2BF4F8285 /* womanRed.png */; };
		F710D337CA9E4282A7442774 /* womanWhite.png in Resources */ = {isa = PBXBuildFile; fileRef = 913814B11BA340CAAF5ABD23 /* womanWhite.png */; };
		02189BDF32E54EB8AA8204E4 /* 1.png in Resources */ = {isa = PBXBuildFile; fileRef = E9AE6541E46C480FA37A74CC /* 1.png */; };
		AB4C41F88CBE484190D3A062 /* 2.jpg in Resources */ = {isa = PBXBuildFile; fileRef = BFF880554AC94E69A630F6F8 /* 2.jpg */; };
		550602F67EBF4AEBA698C1DE /* 2.png in Resources */ = {isa = PBXBuildFile; fileRef = CFE700B88B174588A438DEFC /* 2.png */; };
		4319CAA9D1434F5DB78F99DD /* 21.jpg in Resources */ = {isa = PBXBuildFile; fileRef = 6198AEF142E8475CBBF91EB1 /* 21.jpg */; };
		3DEEF51F5BFF40318E995B2A /* 2u.png in Resources */ = {isa = PBXBuildFile; fileRef = AD5FC6514991403299F4B3AA /* 2u.png */; };
		9C0412F3F3AF44CE96A815C8 /* 3.png in Resources */ = {isa = PBXBuildFile; fileRef = 0886BEE45E3749A3B57A9870 /* 3.png */; };
		DC5D78DB3CEB449D8B1AC39C /* 3Update.png in Resources */ = {isa = PBXBuildFile; fileRef = 832ECB55A5E246268A083BE0 /* 3Update.png */; };
		CEAC89CD49F34AAF88EFEEF8 /* 4.png in Resources */ = {isa = PBXBuildFile; fileRef = F469638C846341AD97D5B289 /* 4.png */; };
		9A210141BD1D446EAD626683 /* 4Update.jpg in Resources */ = {isa = PBXBuildFile; fileRef = A32D58C635D74869A5929267 /* 4Update.jpg */; };
		2B114B48B55C4096A3C24AEC /* lgs.jpg in Resources */ = {isa = PBXBuildFile; fileRef = F0A05BFC7EAB4059883404F1 /* lgs.jpg */; };
		D222A7FD12BB49D1800EE1E6 /* onBoard.jpg in Resources */ = {isa = PBXBuildFile; fileRef = 5015ED04EE194846BA193B29 /* onBoard.jpg */; };
		CFDBAF8C088F48EE9EF9858B /* onBoardPro.jpg in Resources */ = {isa = PBXBuildFile; fileRef = B4D0626CCC144153A8680E94 /* onBoardPro.jpg */; };
		8E5CDA984DB749A0AE7CA2CB /* p1.jpg in Resources */ = {isa = PBXBuildFile; fileRef = E850775C05CE4E849FF6D5CD /* p1.jpg */; };
		10D9925045D346C4A6CDD01A /* Update2.png in Resources */ = {isa = PBXBuildFile; fileRef = 4BC5BB21326149C98E19FBD6 /* Update2.png */; };
		3EDF243CD641486DAF1F9905 /* userprofile.jpg in Resources */ = {isa = PBXBuildFile; fileRef = F6D1F120AAE2423480500D38 /* userprofile.jpg */; };
		A902664E8195471EB6902613 /* Welcome.jpg in Resources */ = {isa = PBXBuildFile; fileRef = 26E9F197563E4152861451BF /* Welcome.jpg */; };
		7218CEF841DA46449A92800A /* Montserrat-Black.otf in Resources */ = {isa = PBXBuildFile; fileRef = EACA2C6DD73B4C8493C3117D /* Montserrat-Black.otf */; };
		7457EC10694A484696AB552D /* Montserrat-Bold.otf in Resources */ = {isa = PBXBuildFile; fileRef = 421DD86C67504150BEBF6655 /* Montserrat-Bold.otf */; };
		8F6843E3AF3B44EFBA06C201 /* Montserrat-BoldItalic.otf in Resources */ = {isa = PBXBuildFile; fileRef = E0C16CCEB1FF4F749177CE86 /* Montserrat-BoldItalic.otf */; };
		B3DCD8027A164EB1A464EF3A /* Montserrat-ExtraBold.otf in Resources */ = {isa = PBXBuildFile; fileRef = C99BB350DE96416CB7972172 /* Montserrat-ExtraBold.otf */; };
		28E157A1A44A40A897431954 /* Montserrat-Italic.otf in Resources */ = {isa = PBXBuildFile; fileRef = 595BA30D4BA844F1BF969935 /* Montserrat-Italic.otf */; };
		CB9AD52CF16B4D0C8910C6FA /* Montserrat-Light.otf in Resources */ = {isa = PBXBuildFile; fileRef = 4D30D49814214F2BB6410CF8 /* Montserrat-Light.otf */; };
		AC1E5843A33B4237816EF787 /* Montserrat-Medium.otf in Resources */ = {isa = PBXBuildFile; fileRef = 82FB2974CDEB4F05888505B8 /* Montserrat-Medium.otf */; };
		C44564FBB1FF4ED381504F21 /* Montserrat-Regular.otf in Resources */ = {isa = PBXBuildFile; fileRef = 7AEB90A4CCEA4036914FB657 /* Montserrat-Regular.otf */; };
		D4B0CCE80400407E95AA5BF3 /* Montserrat-SemiBold.otf in Resources */ = {isa = PBXBuildFile; fileRef = F6D64B23A7C246D98CB3E599 /* Montserrat-SemiBold.otf */; };
		55AEB46B5B7C4BDBB56560FD /* Montserrat-Thin.otf in Resources */ = {isa = PBXBuildFile; fileRef = 63633F1A474E493B89F59E7F /* Montserrat-Thin.otf */; };
		769CC411B8EC460B9F835904 /* MontserratAlternates-SemiBold.otf in Resources */ = {isa = PBXBuildFile; fileRef = 59BE9E0A341A4435BA38EA68 /* MontserratAlternates-SemiBold.otf */; };
		E0C6C0EACB4A45F3A1B03603 /* SFProText-Bold.ttf in Resources */ = {isa = PBXBuildFile; fileRef = 1166EFABF85840E0B0423E4A /* SFProText-Bold.ttf */; };
		E69E96A2489E4780A45D049E /* SFProText-Regular.ttf in Resources */ = {isa = PBXBuildFile; fileRef = 1E5EA8E19CCC484591794A5C /* SFProText-Regular.ttf */; };
		F3A151BBB92C40A3BDB35C43 /* SFProText-Semibold.ttf in Resources */ = {isa = PBXBuildFile; fileRef = 2979F0E3411B4CF1B19DD664 /* SFProText-Semibold.ttf */; };
		590C0B80FEF54D3DBA0E7E7B /* Shirt1.png in Resources */ = {isa = PBXBuildFile; fileRef = 590E380E8083482CB56BC262 /* Shirt1.png */; };
		93C361ED40FF4F338BE051FC /* Adidas_Logo.png in Resources */ = {isa = PBXBuildFile; fileRef = 521AFD7652FC41ACB3A3C7B2 /* Adidas_Logo.png */; };
		F23F6752F3F14C20BFB17CEC /* Logo.png in Resources */ = {isa = PBXBuildFile; fileRef = AA45680FB62949CE8BC177E4 /* Logo.png */; };
/* End PBXBuildFile section */

/* Begin PBXContainerItemProxy section */
		00E356F41AD99517003FC87E /* PBXContainerItemProxy */ = {
			isa = PBXContainerItemProxy;
			containerPortal = 83CBB9F71A601CBA00E9B192 /* Project object */;
			proxyType = 1;
			remoteGlobalIDString = 13B07F861A680F5B00A75B9A;
			remoteInfo = Recomode;
		};
		2D02E4911E0B4A5D006451C7 /* PBXContainerItemProxy */ = {
			isa = PBXContainerItemProxy;
			containerPortal = 83CBB9F71A601CBA00E9B192 /* Project object */;
			proxyType = 1;
			remoteGlobalIDString = 2D02E47A1E0B4A5D006451C7;
			remoteInfo = "Recomode-tvOS";
		};
/* End PBXContainerItemProxy section */

/* Begin PBXFileReference section */
		008F07F21AC5B25A0029DE68 /* main.jsbundle */ = {isa = PBXFileReference; fileEncoding = 4; lastKnownFileType = text; path = main.jsbundle; sourceTree = "<group>"; };
		00E356EE1AD99517003FC87E /* RecomodeTests.xctest */ = {isa = PBXFileReference; explicitFileType = wrapper.cfbundle; includeInIndex = 0; path = RecomodeTests.xctest; sourceTree = BUILT_PRODUCTS_DIR; };
		00E356F11AD99517003FC87E /* Info.plist */ = {isa = PBXFileReference; lastKnownFileType = text.plist.xml; path = Info.plist; sourceTree = "<group>"; };
		00E356F21AD99517003FC87E /* RecomodeTests.m */ = {isa = PBXFileReference; lastKnownFileType = sourcecode.c.objc; path = RecomodeTests.m; sourceTree = "<group>"; };
		13B07F961A680F5B00A75B9A /* Recomode.app */ = {isa = PBXFileReference; explicitFileType = wrapper.application; includeInIndex = 0; path = Recomode.app; sourceTree = BUILT_PRODUCTS_DIR; };
		13B07FAF1A68108700A75B9A /* AppDelegate.h */ = {isa = PBXFileReference; fileEncoding = 4; lastKnownFileType = sourcecode.c.h; name = AppDelegate.h; path = Recomode/AppDelegate.h; sourceTree = "<group>"; };
		13B07FB01A68108700A75B9A /* AppDelegate.m */ = {isa = PBXFileReference; fileEncoding = 4; lastKnownFileType = sourcecode.c.objc; name = AppDelegate.m; path = Recomode/AppDelegate.m; sourceTree = "<group>"; };
		13B07FB51A68108700A75B9A /* Images.xcassets */ = {isa = PBXFileReference; lastKnownFileType = folder.assetcatalog; name = Images.xcassets; path = Recomode/Images.xcassets; sourceTree = "<group>"; };
		13B07FB61A68108700A75B9A /* Info.plist */ = {isa = PBXFileReference; fileEncoding = 4; lastKnownFileType = text.plist.xml; name = Info.plist; path = Recomode/Info.plist; sourceTree = "<group>"; };
		13B07FB71A68108700A75B9A /* main.m */ = {isa = PBXFileReference; fileEncoding = 4; lastKnownFileType = sourcecode.c.objc; name = main.m; path = Recomode/main.m; sourceTree = "<group>"; };
		2D02E47B1E0B4A5D006451C7 /* Recomode-tvOS.app */ = {isa = PBXFileReference; explicitFileType = wrapper.application; includeInIndex = 0; path = "Recomode-tvOS.app"; sourceTree = BUILT_PRODUCTS_DIR; };
		2D02E4901E0B4A5D006451C7 /* Recomode-tvOSTests.xctest */ = {isa = PBXFileReference; explicitFileType = wrapper.cfbundle; includeInIndex = 0; path = "Recomode-tvOSTests.xctest"; sourceTree = BUILT_PRODUCTS_DIR; };
		81AB9BB72411601600AC10FF /* LaunchScreen.storyboard */ = {isa = PBXFileReference; fileEncoding = 4; lastKnownFileType = file.storyboard; name = LaunchScreen.storyboard; path = Recomode/LaunchScreen.storyboard; sourceTree = "<group>"; };
		ED297162215061F000B7C4FE /* JavaScriptCore.framework */ = {isa = PBXFileReference; lastKnownFileType = wrapper.framework; name = JavaScriptCore.framework; path = System/Library/Frameworks/JavaScriptCore.framework; sourceTree = SDKROOT; };
		ED2971642150620600B7C4FE /* JavaScriptCore.framework */ = {isa = PBXFileReference; lastKnownFileType = wrapper.framework; name = JavaScriptCore.framework; path = Platforms/AppleTVOS.platform/Developer/SDKs/AppleTVOS12.0.sdk/System/Library/Frameworks/JavaScriptCore.framework; sourceTree = DEVELOPER_DIR; };
		3EC35F20FB2F495BA9C68681 /* AntDesign.ttf */ = {isa = PBXFileReference; name = "AntDesign.ttf"; path = "../node_modules/react-native-vector-icons/Fonts/AntDesign.ttf"; sourceTree = "<group>"; fileEncoding = undefined; lastKnownFileType = unknown; explicitFileType = undefined; includeInIndex = 0; };
		1DE7EBB02BB64F23A04EEEAE /* Entypo.ttf */ = {isa = PBXFileReference; name = "Entypo.ttf"; path = "../node_modules/react-native-vector-icons/Fonts/Entypo.ttf"; sourceTree = "<group>"; fileEncoding = undefined; lastKnownFileType = unknown; explicitFileType = undefined; includeInIndex = 0; };
		4E0CA115F16B40B0B1C18A25 /* EvilIcons.ttf */ = {isa = PBXFileReference; name = "EvilIcons.ttf"; path = "../node_modules/react-native-vector-icons/Fonts/EvilIcons.ttf"; sourceTree = "<group>"; fileEncoding = undefined; lastKnownFileType = unknown; explicitFileType = undefined; includeInIndex = 0; };
		01D5840A88F94379873BE8F6 /* Feather.ttf */ = {isa = PBXFileReference; name = "Feather.ttf"; path = "../node_modules/react-native-vector-icons/Fonts/Feather.ttf"; sourceTree = "<group>"; fileEncoding = undefined; lastKnownFileType = unknown; explicitFileType = undefined; includeInIndex = 0; };
		97104B52D03D4396A214433D /* FontAwesome.ttf */ = {isa = PBXFileReference; name = "FontAwesome.ttf"; path = "../node_modules/react-native-vector-icons/Fonts/FontAwesome.ttf"; sourceTree = "<group>"; fileEncoding = undefined; lastKnownFileType = unknown; explicitFileType = undefined; includeInIndex = 0; };
		FEE652FE2C4941C78CFA4E60 /* FontAwesome5_Brands.ttf */ = {isa = PBXFileReference; name = "FontAwesome5_Brands.ttf"; path = "../node_modules/react-native-vector-icons/Fonts/FontAwesome5_Brands.ttf"; sourceTree = "<group>"; fileEncoding = undefined; lastKnownFileType = unknown; explicitFileType = undefined; includeInIndex = 0; };
		2B3C1CD9773C4FEC88778120 /* FontAwesome5_Regular.ttf */ = {isa = PBXFileReference; name = "FontAwesome5_Regular.ttf"; path = "../node_modules/react-native-vector-icons/Fonts/FontAwesome5_Regular.ttf"; sourceTree = "<group>"; fileEncoding = undefined; lastKnownFileType = unknown; explicitFileType = undefined; includeInIndex = 0; };
		0B70D0C43F0D4BA7908EB1DF /* FontAwesome5_Solid.ttf */ = {isa = PBXFileReference; name = "FontAwesome5_Solid.ttf"; path = "../node_modules/react-native-vector-icons/Fonts/FontAwesome5_Solid.ttf"; sourceTree = "<group>"; fileEncoding = undefined; lastKnownFileType = unknown; explicitFileType = undefined; includeInIndex = 0; };
		FB3EF9B19DA94320A61116FD /* Fontisto.ttf */ = {isa = PBXFileReference; name = "Fontisto.ttf"; path = "../node_modules/react-native-vector-icons/Fonts/Fontisto.ttf"; sourceTree = "<group>"; fileEncoding = undefined; lastKnownFileType = unknown; explicitFileType = undefined; includeInIndex = 0; };
		BD3A17962599402FA67CE71B /* Foundation.ttf */ = {isa = PBXFileReference; name = "Foundation.ttf"; path = "../node_modules/react-native-vector-icons/Fonts/Foundation.ttf"; sourceTree = "<group>"; fileEncoding = undefined; lastKnownFileType = unknown; explicitFileType = undefined; includeInIndex = 0; };
		7F7820D953DD4744BBD5E779 /* Ionicons.ttf */ = {isa = PBXFileReference; name = "Ionicons.ttf"; path = "../node_modules/react-native-vector-icons/Fonts/Ionicons.ttf"; sourceTree = "<group>"; fileEncoding = undefined; lastKnownFileType = unknown; explicitFileType = undefined; includeInIndex = 0; };
		B7440E31ACAD4440B04B5FB1 /* MaterialCommunityIcons.ttf */ = {isa = PBXFileReference; name = "MaterialCommunityIcons.ttf"; path = "../node_modules/react-native-vector-icons/Fonts/MaterialCommunityIcons.ttf"; sourceTree = "<group>"; fileEncoding = undefined; lastKnownFileType = unknown; explicitFileType = undefined; includeInIndex = 0; };
		C9DAB8EAC0AF4C6AAB37D7E7 /* MaterialIcons.ttf */ = {isa = PBXFileReference; name = "MaterialIcons.ttf"; path = "../node_modules/react-native-vector-icons/Fonts/MaterialIcons.ttf"; sourceTree = "<group>"; fileEncoding = undefined; lastKnownFileType = unknown; explicitFileType = undefined; includeInIndex = 0; };
		4BCBA89E67A94928ACAB397C /* Octicons.ttf */ = {isa = PBXFileReference; name = "Octicons.ttf"; path = "../node_modules/react-native-vector-icons/Fonts/Octicons.ttf"; sourceTree = "<group>"; fileEncoding = undefined; lastKnownFileType = unknown; explicitFileType = undefined; includeInIndex = 0; };
		2B1FCD7E2B8741E9ADF6734F /* SimpleLineIcons.ttf */ = {isa = PBXFileReference; name = "SimpleLineIcons.ttf"; path = "../node_modules/react-native-vector-icons/Fonts/SimpleLineIcons.ttf"; sourceTree = "<group>"; fileEncoding = undefined; lastKnownFileType = unknown; explicitFileType = undefined; includeInIndex = 0; };
		844119DA2330445EBA6C7DF1 /* Zocial.ttf */ = {isa = PBXFileReference; name = "Zocial.ttf"; path = "../node_modules/react-native-vector-icons/Fonts/Zocial.ttf"; sourceTree = "<group>"; fileEncoding = undefined; lastKnownFileType = unknown; explicitFileType = undefined; includeInIndex = 0; };
		234428BADC004309A9913B0C /* SFProText-Bold.ttf */ = {isa = PBXFileReference; name = "SFProText-Bold.ttf"; path = "../assets/fonts/SFProText-Bold.ttf"; sourceTree = "<group>"; fileEncoding = undefined; lastKnownFileType = unknown; explicitFileType = undefined; includeInIndex = 0; };
		F0D3DADAB68F40E8952A1623 /* SFProText-Regular.ttf */ = {isa = PBXFileReference; name = "SFProText-Regular.ttf"; path = "../assets/fonts/SFProText-Regular.ttf"; sourceTree = "<group>"; fileEncoding = undefined; lastKnownFileType = unknown; explicitFileType = undefined; includeInIndex = 0; };
		1F102418CA214869BA02E2C2 /* SFProText-Semibold.ttf */ = {isa = PBXFileReference; name = "SFProText-Semibold.ttf"; path = "../assets/fonts/SFProText-Semibold.ttf"; sourceTree = "<group>"; fileEncoding = undefined; lastKnownFileType = unknown; explicitFileType = undefined; includeInIndex = 0; };
		6985959A3387409FA4687424 /* ECLock.png */ = {isa = PBXFileReference; name = "ECLock.png"; path = "../app/assets/icons/ECLock.png"; sourceTree = "<group>"; fileEncoding = undefined; lastKnownFileType = unknown; explicitFileType = undefined; includeInIndex = 0; };
		CDE58D06897B443B8A9A0BB3 /* email.png */ = {isa = PBXFileReference; name = "email.png"; path = "../app/assets/icons/email.png"; sourceTree = "<group>"; fileEncoding = undefined; lastKnownFileType = unknown; explicitFileType = undefined; includeInIndex = 0; };
		8A6FD50FA55A41BDA6EA177A /* facebook.png */ = {isa = PBXFileReference; name = "facebook.png"; path = "../app/assets/icons/facebook.png"; sourceTree = "<group>"; fileEncoding = undefined; lastKnownFileType = unknown; explicitFileType = undefined; includeInIndex = 0; };
		BD56BDE1AD0B4941B3EE70B7 /* google.png */ = {isa = PBXFileReference; name = "google.png"; path = "../app/assets/icons/google.png"; sourceTree = "<group>"; fileEncoding = undefined; lastKnownFileType = unknown; explicitFileType = undefined; includeInIndex = 0; };
		2F20C5CF342848DA8352E8A3 /* login.png */ = {isa = PBXFileReference; name = "login.png"; path = "../app/assets/icons/login.png"; sourceTree = "<group>"; fileEncoding = undefined; lastKnownFileType = unknown; explicitFileType = undefined; includeInIndex = 0; };
		582D641859B141E1B1061777 /* manBlack.png */ = {isa = PBXFileReference; name = "manBlack.png"; path = "../app/assets/icons/manBlack.png"; sourceTree = "<group>"; fileEncoding = undefined; lastKnownFileType = unknown; explicitFileType = undefined; includeInIndex = 0; };
		F41F810D25D248C79FDE8321 /* manBlonde.png */ = {isa = PBXFileReference; name = "manBlonde.png"; path = "../app/assets/icons/manBlonde.png"; sourceTree = "<group>"; fileEncoding = undefined; lastKnownFileType = unknown; explicitFileType = undefined; includeInIndex = 0; };
		A029C046C221454EA07A2564 /* manBrown.png */ = {isa = PBXFileReference; name = "manBrown.png"; path = "../app/assets/icons/manBrown.png"; sourceTree = "<group>"; fileEncoding = undefined; lastKnownFileType = unknown; explicitFileType = undefined; includeInIndex = 0; };
		ADD25FF6F4434DCE86269DBE /* manGrey.png */ = {isa = PBXFileReference; name = "manGrey.png"; path = "../app/assets/icons/manGrey.png"; sourceTree = "<group>"; fileEncoding = undefined; lastKnownFileType = unknown; explicitFileType = undefined; includeInIndex = 0; };
		E0C914E618B74ED9BE031EA9 /* manRed.png */ = {isa = PBXFileReference; name = "manRed.png"; path = "../app/assets/icons/manRed.png"; sourceTree = "<group>"; fileEncoding = undefined; lastKnownFileType = unknown; explicitFileType = undefined; includeInIndex = 0; };
		857DE6B90A5448D39ED234AC /* manWhite.png */ = {isa = PBXFileReference; name = "manWhite.png"; path = "../app/assets/icons/manWhite.png"; sourceTree = "<group>"; fileEncoding = undefined; lastKnownFileType = unknown; explicitFileType = undefined; includeInIndex = 0; };
		034F4316F38147D59162EDE4 /* men.png */ = {isa = PBXFileReference; name = "men.png"; path = "../app/assets/icons/men.png"; sourceTree = "<group>"; fileEncoding = undefined; lastKnownFileType = unknown; explicitFileType = undefined; includeInIndex = 0; };
		BB1500D4E69445B08BC2F78B /* register.png */ = {isa = PBXFileReference; name = "register.png"; path = "../app/assets/icons/register.png"; sourceTree = "<group>"; fileEncoding = undefined; lastKnownFileType = unknown; explicitFileType = undefined; includeInIndex = 0; };
		5DCD2330F19943D9AFA23171 /* womanBlack.png */ = {isa = PBXFileReference; name = "womanBlack.png"; path = "../app/assets/icons/womanBlack.png"; sourceTree = "<group>"; fileEncoding = undefined; lastKnownFileType = unknown; explicitFileType = undefined; includeInIndex = 0; };
		AEE13336E8064BABB982CE0F /* womanBlonde.png */ = {isa = PBXFileReference; name = "womanBlonde.png"; path = "../app/assets/icons/womanBlonde.png"; sourceTree = "<group>"; fileEncoding = undefined; lastKnownFileType = unknown; explicitFileType = undefined; includeInIndex = 0; };
		022CCCF3C8394F35882BBA25 /* womanBrown.png */ = {isa = PBXFileReference; name = "womanBrown.png"; path = "../app/assets/icons/womanBrown.png"; sourceTree = "<group>"; fileEncoding = undefined; lastKnownFileType = unknown; explicitFileType = undefined; includeInIndex = 0; };
		B3AB94E58218451AB9F3D192 /* womanGrey.png */ = {isa = PBXFileReference; name = "womanGrey.png"; path = "../app/assets/icons/womanGrey.png"; sourceTree = "<group>"; fileEncoding = undefined; lastKnownFileType = unknown; explicitFileType = undefined; includeInIndex = 0; };
		9CA17A9DD3BE46D2BF4F8285 /* womanRed.png */ = {isa = PBXFileReference; name = "womanRed.png"; path = "../app/assets/icons/womanRed.png"; sourceTree = "<group>"; fileEncoding = undefined; lastKnownFileType = unknown; explicitFileType = undefined; includeInIndex = 0; };
		913814B11BA340CAAF5ABD23 /* womanWhite.png */ = {isa = PBXFileReference; name = "womanWhite.png"; path = "../app/assets/icons/womanWhite.png"; sourceTree = "<group>"; fileEncoding = undefined; lastKnownFileType = unknown; explicitFileType = undefined; includeInIndex = 0; };
		E9AE6541E46C480FA37A74CC /* 1.png */ = {isa = PBXFileReference; name = "1.png"; path = "../app/assets/images/1.png"; sourceTree = "<group>"; fileEncoding = undefined; lastKnownFileType = unknown; explicitFileType = undefined; includeInIndex = 0; };
		BFF880554AC94E69A630F6F8 /* 2.jpg */ = {isa = PBXFileReference; name = "2.jpg"; path = "../app/assets/images/2.jpg"; sourceTree = "<group>"; fileEncoding = undefined; lastKnownFileType = unknown; explicitFileType = undefined; includeInIndex = 0; };
		CFE700B88B174588A438DEFC /* 2.png */ = {isa = PBXFileReference; name = "2.png"; path = "../app/assets/images/2.png"; sourceTree = "<group>"; fileEncoding = undefined; lastKnownFileType = unknown; explicitFileType = undefined; includeInIndex = 0; };
		6198AEF142E8475CBBF91EB1 /* 21.jpg */ = {isa = PBXFileReference; name = "21.jpg"; path = "../app/assets/images/21.jpg"; sourceTree = "<group>"; fileEncoding = undefined; lastKnownFileType = unknown; explicitFileType = undefined; includeInIndex = 0; };
		AD5FC6514991403299F4B3AA /* 2u.png */ = {isa = PBXFileReference; name = "2u.png"; path = "../app/assets/images/2u.png"; sourceTree = "<group>"; fileEncoding = undefined; lastKnownFileType = unknown; explicitFileType = undefined; includeInIndex = 0; };
		0886BEE45E3749A3B57A9870 /* 3.png */ = {isa = PBXFileReference; name = "3.png"; path = "../app/assets/images/3.png"; sourceTree = "<group>"; fileEncoding = undefined; lastKnownFileType = unknown; explicitFileType = undefined; includeInIndex = 0; };
		832ECB55A5E246268A083BE0 /* 3Update.png */ = {isa = PBXFileReference; name = "3Update.png"; path = "../app/assets/images/3Update.png"; sourceTree = "<group>"; fileEncoding = undefined; lastKnownFileType = unknown; explicitFileType = undefined; includeInIndex = 0; };
		F469638C846341AD97D5B289 /* 4.png */ = {isa = PBXFileReference; name = "4.png"; path = "../app/assets/images/4.png"; sourceTree = "<group>"; fileEncoding = undefined; lastKnownFileType = unknown; explicitFileType = undefined; includeInIndex = 0; };
		A32D58C635D74869A5929267 /* 4Update.jpg */ = {isa = PBXFileReference; name = "4Update.jpg"; path = "../app/assets/images/4Update.jpg"; sourceTree = "<group>"; fileEncoding = undefined; lastKnownFileType = unknown; explicitFileType = undefined; includeInIndex = 0; };
		F0A05BFC7EAB4059883404F1 /* lgs.jpg */ = {isa = PBXFileReference; name = "lgs.jpg"; path = "../app/assets/images/lgs.jpg"; sourceTree = "<group>"; fileEncoding = undefined; lastKnownFileType = unknown; explicitFileType = undefined; includeInIndex = 0; };
		5015ED04EE194846BA193B29 /* onBoard.jpg */ = {isa = PBXFileReference; name = "onBoard.jpg"; path = "../app/assets/images/onBoard.jpg"; sourceTree = "<group>"; fileEncoding = undefined; lastKnownFileType = unknown; explicitFileType = undefined; includeInIndex = 0; };
		B4D0626CCC144153A8680E94 /* onBoardPro.jpg */ = {isa = PBXFileReference; name = "onBoardPro.jpg"; path = "../app/assets/images/onBoardPro.jpg"; sourceTree = "<group>"; fileEncoding = undefined; lastKnownFileType = unknown; explicitFileType = undefined; includeInIndex = 0; };
		E850775C05CE4E849FF6D5CD /* p1.jpg */ = {isa = PBXFileReference; name = "p1.jpg"; path = "../app/assets/images/p1.jpg"; sourceTree = "<group>"; fileEncoding = undefined; lastKnownFileType = unknown; explicitFileType = undefined; includeInIndex = 0; };
		4BC5BB21326149C98E19FBD6 /* Update2.png */ = {isa = PBXFileReference; name = "Update2.png"; path = "../app/assets/images/Update2.png"; sourceTree = "<group>"; fileEncoding = undefined; lastKnownFileType = unknown; explicitFileType = undefined; includeInIndex = 0; };
		F6D1F120AAE2423480500D38 /* userprofile.jpg */ = {isa = PBXFileReference; name = "userprofile.jpg"; path = "../app/assets/images/userprofile.jpg"; sourceTree = "<group>"; fileEncoding = undefined; lastKnownFileType = unknown; explicitFileType = undefined; includeInIndex = 0; };
		26E9F197563E4152861451BF /* Welcome.jpg */ = {isa = PBXFileReference; name = "Welcome.jpg"; path = "../app/assets/images/Welcome.jpg"; sourceTree = "<group>"; fileEncoding = undefined; lastKnownFileType = unknown; explicitFileType = undefined; includeInIndex = 0; };
		EACA2C6DD73B4C8493C3117D /* Montserrat-Black.otf */ = {isa = PBXFileReference; name = "Montserrat-Black.otf"; path = "../app/assets/fonts/Montserrat-Black.otf"; sourceTree = "<group>"; fileEncoding = undefined; lastKnownFileType = unknown; explicitFileType = undefined; includeInIndex = 0; };
		421DD86C67504150BEBF6655 /* Montserrat-Bold.otf */ = {isa = PBXFileReference; name = "Montserrat-Bold.otf"; path = "../app/assets/fonts/Montserrat-Bold.otf"; sourceTree = "<group>"; fileEncoding = undefined; lastKnownFileType = unknown; explicitFileType = undefined; includeInIndex = 0; };
		E0C16CCEB1FF4F749177CE86 /* Montserrat-BoldItalic.otf */ = {isa = PBXFileReference; name = "Montserrat-BoldItalic.otf"; path = "../app/assets/fonts/Montserrat-BoldItalic.otf"; sourceTree = "<group>"; fileEncoding = undefined; lastKnownFileType = unknown; explicitFileType = undefined; includeInIndex = 0; };
		C99BB350DE96416CB7972172 /* Montserrat-ExtraBold.otf */ = {isa = PBXFileReference; name = "Montserrat-ExtraBold.otf"; path = "../app/assets/fonts/Montserrat-ExtraBold.otf"; sourceTree = "<group>"; fileEncoding = undefined; lastKnownFileType = unknown; explicitFileType = undefined; includeInIndex = 0; };
		595BA30D4BA844F1BF969935 /* Montserrat-Italic.otf */ = {isa = PBXFileReference; name = "Montserrat-Italic.otf"; path = "../app/assets/fonts/Montserrat-Italic.otf"; sourceTree = "<group>"; fileEncoding = undefined; lastKnownFileType = unknown; explicitFileType = undefined; includeInIndex = 0; };
		4D30D49814214F2BB6410CF8 /* Montserrat-Light.otf */ = {isa = PBXFileReference; name = "Montserrat-Light.otf"; path = "../app/assets/fonts/Montserrat-Light.otf"; sourceTree = "<group>"; fileEncoding = undefined; lastKnownFileType = unknown; explicitFileType = undefined; includeInIndex = 0; };
		82FB2974CDEB4F05888505B8 /* Montserrat-Medium.otf */ = {isa = PBXFileReference; name = "Montserrat-Medium.otf"; path = "../app/assets/fonts/Montserrat-Medium.otf"; sourceTree = "<group>"; fileEncoding = undefined; lastKnownFileType = unknown; explicitFileType = undefined; includeInIndex = 0; };
		7AEB90A4CCEA4036914FB657 /* Montserrat-Regular.otf */ = {isa = PBXFileReference; name = "Montserrat-Regular.otf"; path = "../app/assets/fonts/Montserrat-Regular.otf"; sourceTree = "<group>"; fileEncoding = undefined; lastKnownFileType = unknown; explicitFileType = undefined; includeInIndex = 0; };
		F6D64B23A7C246D98CB3E599 /* Montserrat-SemiBold.otf */ = {isa = PBXFileReference; name = "Montserrat-SemiBold.otf"; path = "../app/assets/fonts/Montserrat-SemiBold.otf"; sourceTree = "<group>"; fileEncoding = undefined; lastKnownFileType = unknown; explicitFileType = undefined; includeInIndex = 0; };
		63633F1A474E493B89F59E7F /* Montserrat-Thin.otf */ = {isa = PBXFileReference; name = "Montserrat-Thin.otf"; path = "../app/assets/fonts/Montserrat-Thin.otf"; sourceTree = "<group>"; fileEncoding = undefined; lastKnownFileType = unknown; explicitFileType = undefined; includeInIndex = 0; };
		59BE9E0A341A4435BA38EA68 /* MontserratAlternates-SemiBold.otf */ = {isa = PBXFileReference; name = "MontserratAlternates-SemiBold.otf"; path = "../app/assets/fonts/MontserratAlternates-SemiBold.otf"; sourceTree = "<group>"; fileEncoding = undefined; lastKnownFileType = unknown; explicitFileType = undefined; includeInIndex = 0; };
		1166EFABF85840E0B0423E4A /* SFProText-Bold.ttf */ = {isa = PBXFileReference; name = "SFProText-Bold.ttf"; path = "../app/assets/fonts/SFProText-Bold.ttf"; sourceTree = "<group>"; fileEncoding = undefined; lastKnownFileType = unknown; explicitFileType = undefined; includeInIndex = 0; };
		1E5EA8E19CCC484591794A5C /* SFProText-Regular.ttf */ = {isa = PBXFileReference; name = "SFProText-Regular.ttf"; path = "../app/assets/fonts/SFProText-Regular.ttf"; sourceTree = "<group>"; fileEncoding = undefined; lastKnownFileType = unknown; explicitFileType = undefined; includeInIndex = 0; };
		2979F0E3411B4CF1B19DD664 /* SFProText-Semibold.ttf */ = {isa = PBXFileReference; name = "SFProText-Semibold.ttf"; path = "../app/assets/fonts/SFProText-Semibold.ttf"; sourceTree = "<group>"; fileEncoding = undefined; lastKnownFileType = unknown; explicitFileType = undefined; includeInIndex = 0; };
		590E380E8083482CB56BC262 /* Shirt1.png */ = {isa = PBXFileReference; name = "Shirt1.png"; path = "../app/assets/images/Shirt1.png"; sourceTree = "<group>"; fileEncoding = undefined; lastKnownFileType = unknown; explicitFileType = undefined; includeInIndex = 0; };
		521AFD7652FC41ACB3A3C7B2 /* Adidas_Logo.png */ = {isa = PBXFileReference; name = "Adidas_Logo.png"; path = "../app/assets/images/Adidas_Logo.png"; sourceTree = "<group>"; fileEncoding = undefined; lastKnownFileType = unknown; explicitFileType = undefined; includeInIndex = 0; };
		AA45680FB62949CE8BC177E4 /* Logo.png */ = {isa = PBXFileReference; name = "Logo.png"; path = "../app/assets/images/Logo.png"; sourceTree = "<group>"; fileEncoding = undefined; lastKnownFileType = unknown; explicitFileType = undefined; includeInIndex = 0; };
/* End PBXFileReference section */

/* Begin PBXFrameworksBuildPhase section */
		00E356EB1AD99517003FC87E /* Frameworks */ = {
			isa = PBXFrameworksBuildPhase;
			buildActionMask = 2147483647;
			files = (
			);
			runOnlyForDeploymentPostprocessing = 0;
		};
		13B07F8C1A680F5B00A75B9A /* Frameworks */ = {
			isa = PBXFrameworksBuildPhase;
			buildActionMask = 2147483647;
			files = (
			);
			runOnlyForDeploymentPostprocessing = 0;
		};
		2D02E4781E0B4A5D006451C7 /* Frameworks */ = {
			isa = PBXFrameworksBuildPhase;
			buildActionMask = 2147483647;
			files = (
			);
			runOnlyForDeploymentPostprocessing = 0;
		};
		2D02E48D1E0B4A5D006451C7 /* Frameworks */ = {
			isa = PBXFrameworksBuildPhase;
			buildActionMask = 2147483647;
			files = (
			);
			runOnlyForDeploymentPostprocessing = 0;
		};
/* End PBXFrameworksBuildPhase section */

/* Begin PBXGroup section */
		00E356EF1AD99517003FC87E /* RecomodeTests */ = {
			isa = PBXGroup;
			children = (
				00E356F21AD99517003FC87E /* RecomodeTests.m */,
				00E356F01AD99517003FC87E /* Supporting Files */,
			);
			path = RecomodeTests;
			sourceTree = "<group>";
		};
		00E356F01AD99517003FC87E /* Supporting Files */ = {
			isa = PBXGroup;
			children = (
				00E356F11AD99517003FC87E /* Info.plist */,
			);
			name = "Supporting Files";
			sourceTree = "<group>";
		};
		13B07FAE1A68108700A75B9A /* Recomode */ = {
			isa = PBXGroup;
			children = (
				008F07F21AC5B25A0029DE68 /* main.jsbundle */,
				13B07FAF1A68108700A75B9A /* AppDelegate.h */,
				13B07FB01A68108700A75B9A /* AppDelegate.m */,
				13B07FB51A68108700A75B9A /* Images.xcassets */,
				13B07FB61A68108700A75B9A /* Info.plist */,
				81AB9BB72411601600AC10FF /* LaunchScreen.storyboard */,
				13B07FB71A68108700A75B9A /* main.m */,
			);
			name = Recomode;
			sourceTree = "<group>";
		};
		2D16E6871FA4F8E400B85C8A /* Frameworks */ = {
			isa = PBXGroup;
			children = (
				ED297162215061F000B7C4FE /* JavaScriptCore.framework */,
				ED2971642150620600B7C4FE /* JavaScriptCore.framework */,
			);
			name = Frameworks;
			sourceTree = "<group>";
		};
		832341AE1AAA6A7D00B99B32 /* Libraries */ = {
			isa = PBXGroup;
			children = (
			);
			name = Libraries;
			sourceTree = "<group>";
		};
		83CBB9F61A601CBA00E9B192 = {
			isa = PBXGroup;
			children = (
				13B07FAE1A68108700A75B9A /* Recomode */,
				832341AE1AAA6A7D00B99B32 /* Libraries */,
				00E356EF1AD99517003FC87E /* RecomodeTests */,
				83CBBA001A601CBA00E9B192 /* Products */,
				2D16E6871FA4F8E400B85C8A /* Frameworks */,
				EEBC331B3BCC4373B1A70BD8 /* Resources */,
			);
			indentWidth = 2;
			sourceTree = "<group>";
			tabWidth = 2;
			usesTabs = 0;
		};
		83CBBA001A601CBA00E9B192 /* Products */ = {
			isa = PBXGroup;
			children = (
				13B07F961A680F5B00A75B9A /* Recomode.app */,
				00E356EE1AD99517003FC87E /* RecomodeTests.xctest */,
				2D02E47B1E0B4A5D006451C7 /* Recomode-tvOS.app */,
				2D02E4901E0B4A5D006451C7 /* Recomode-tvOSTests.xctest */,
			);
			name = Products;
			sourceTree = "<group>";
		};
		EEBC331B3BCC4373B1A70BD8 /* Resources */ = {
			isa = "PBXGroup";
			children = (
				3EC35F20FB2F495BA9C68681 /* AntDesign.ttf */,
				1DE7EBB02BB64F23A04EEEAE /* Entypo.ttf */,
				4E0CA115F16B40B0B1C18A25 /* EvilIcons.ttf */,
				01D5840A88F94379873BE8F6 /* Feather.ttf */,
				97104B52D03D4396A214433D /* FontAwesome.ttf */,
				FEE652FE2C4941C78CFA4E60 /* FontAwesome5_Brands.ttf */,
				2B3C1CD9773C4FEC88778120 /* FontAwesome5_Regular.ttf */,
				0B70D0C43F0D4BA7908EB1DF /* FontAwesome5_Solid.ttf */,
				FB3EF9B19DA94320A61116FD /* Fontisto.ttf */,
				BD3A17962599402FA67CE71B /* Foundation.ttf */,
				7F7820D953DD4744BBD5E779 /* Ionicons.ttf */,
				B7440E31ACAD4440B04B5FB1 /* MaterialCommunityIcons.ttf */,
				C9DAB8EAC0AF4C6AAB37D7E7 /* MaterialIcons.ttf */,
				4BCBA89E67A94928ACAB397C /* Octicons.ttf */,
				2B1FCD7E2B8741E9ADF6734F /* SimpleLineIcons.ttf */,
				844119DA2330445EBA6C7DF1 /* Zocial.ttf */,
				234428BADC004309A9913B0C /* SFProText-Bold.ttf */,
				F0D3DADAB68F40E8952A1623 /* SFProText-Regular.ttf */,
				1F102418CA214869BA02E2C2 /* SFProText-Semibold.ttf */,
				6985959A3387409FA4687424 /* ECLock.png */,
				CDE58D06897B443B8A9A0BB3 /* email.png */,
				8A6FD50FA55A41BDA6EA177A /* facebook.png */,
				BD56BDE1AD0B4941B3EE70B7 /* google.png */,
				2F20C5CF342848DA8352E8A3 /* login.png */,
				582D641859B141E1B1061777 /* manBlack.png */,
				F41F810D25D248C79FDE8321 /* manBlonde.png */,
				A029C046C221454EA07A2564 /* manBrown.png */,
				ADD25FF6F4434DCE86269DBE /* manGrey.png */,
				E0C914E618B74ED9BE031EA9 /* manRed.png */,
				857DE6B90A5448D39ED234AC /* manWhite.png */,
				034F4316F38147D59162EDE4 /* men.png */,
				BB1500D4E69445B08BC2F78B /* register.png */,
				5DCD2330F19943D9AFA23171 /* womanBlack.png */,
				AEE13336E8064BABB982CE0F /* womanBlonde.png */,
				022CCCF3C8394F35882BBA25 /* womanBrown.png */,
				B3AB94E58218451AB9F3D192 /* womanGrey.png */,
				9CA17A9DD3BE46D2BF4F8285 /* womanRed.png */,
				913814B11BA340CAAF5ABD23 /* womanWhite.png */,
				E9AE6541E46C480FA37A74CC /* 1.png */,
				BFF880554AC94E69A630F6F8 /* 2.jpg */,
				CFE700B88B174588A438DEFC /* 2.png */,
				6198AEF142E8475CBBF91EB1 /* 21.jpg */,
				AD5FC6514991403299F4B3AA /* 2u.png */,
				0886BEE45E3749A3B57A9870 /* 3.png */,
				832ECB55A5E246268A083BE0 /* 3Update.png */,
				F469638C846341AD97D5B289 /* 4.png */,
				A32D58C635D74869A5929267 /* 4Update.jpg */,
				F0A05BFC7EAB4059883404F1 /* lgs.jpg */,
				5015ED04EE194846BA193B29 /* onBoard.jpg */,
				B4D0626CCC144153A8680E94 /* onBoardPro.jpg */,
				E850775C05CE4E849FF6D5CD /* p1.jpg */,
				4BC5BB21326149C98E19FBD6 /* Update2.png */,
				F6D1F120AAE2423480500D38 /* userprofile.jpg */,
				26E9F197563E4152861451BF /* Welcome.jpg */,
				EACA2C6DD73B4C8493C3117D /* Montserrat-Black.otf */,
				421DD86C67504150BEBF6655 /* Montserrat-Bold.otf */,
				E0C16CCEB1FF4F749177CE86 /* Montserrat-BoldItalic.otf */,
				C99BB350DE96416CB7972172 /* Montserrat-ExtraBold.otf */,
				595BA30D4BA844F1BF969935 /* Montserrat-Italic.otf */,
				4D30D49814214F2BB6410CF8 /* Montserrat-Light.otf */,
				82FB2974CDEB4F05888505B8 /* Montserrat-Medium.otf */,
				7AEB90A4CCEA4036914FB657 /* Montserrat-Regular.otf */,
				F6D64B23A7C246D98CB3E599 /* Montserrat-SemiBold.otf */,
				63633F1A474E493B89F59E7F /* Montserrat-Thin.otf */,
				59BE9E0A341A4435BA38EA68 /* MontserratAlternates-SemiBold.otf */,
				1166EFABF85840E0B0423E4A /* SFProText-Bold.ttf */,
				1E5EA8E19CCC484591794A5C /* SFProText-Regular.ttf */,
				2979F0E3411B4CF1B19DD664 /* SFProText-Semibold.ttf */,
				590E380E8083482CB56BC262 /* Shirt1.png */,
				521AFD7652FC41ACB3A3C7B2 /* Adidas_Logo.png */,
				AA45680FB62949CE8BC177E4 /* Logo.png */,
			);
			name = Resources;
			sourceTree = "<group>";
			path = "";
		};
/* End PBXGroup section */

/* Begin PBXNativeTarget section */
		00E356ED1AD99517003FC87E /* RecomodeTests */ = {
			isa = PBXNativeTarget;
			buildConfigurationList = 00E357021AD99517003FC87E /* Build configuration list for PBXNativeTarget "RecomodeTests" */;
			buildPhases = (
				00E356EA1AD99517003FC87E /* Sources */,
				00E356EB1AD99517003FC87E /* Frameworks */,
				00E356EC1AD99517003FC87E /* Resources */,
			);
			buildRules = (
			);
			dependencies = (
				00E356F51AD99517003FC87E /* PBXTargetDependency */,
			);
			name = RecomodeTests;
			productName = RecomodeTests;
			productReference = 00E356EE1AD99517003FC87E /* RecomodeTests.xctest */;
			productType = "com.apple.product-type.bundle.unit-test";
		};
		13B07F861A680F5B00A75B9A /* Recomode */ = {
			isa = PBXNativeTarget;
			buildConfigurationList = 13B07F931A680F5B00A75B9A /* Build configuration list for PBXNativeTarget "Recomode" */;
			buildPhases = (
				FD10A7F022414F080027D42C /* Start Packager */,
				13B07F871A680F5B00A75B9A /* Sources */,
				13B07F8C1A680F5B00A75B9A /* Frameworks */,
				13B07F8E1A680F5B00A75B9A /* Resources */,
				00DD1BFF1BD5951E006B06BC /* Bundle React Native code and images */,
			);
			buildRules = (
			);
			dependencies = (
			);
			name = Recomode;
			productName = Recomode;
			productReference = 13B07F961A680F5B00A75B9A /* Recomode.app */;
			productType = "com.apple.product-type.application";
		};
		2D02E47A1E0B4A5D006451C7 /* Recomode-tvOS */ = {
			isa = PBXNativeTarget;
			buildConfigurationList = 2D02E4BA1E0B4A5E006451C7 /* Build configuration list for PBXNativeTarget "Recomode-tvOS" */;
			buildPhases = (
				FD10A7F122414F3F0027D42C /* Start Packager */,
				2D02E4771E0B4A5D006451C7 /* Sources */,
				2D02E4781E0B4A5D006451C7 /* Frameworks */,
				2D02E4791E0B4A5D006451C7 /* Resources */,
				2D02E4CB1E0B4B27006451C7 /* Bundle React Native Code And Images */,
			);
			buildRules = (
			);
			dependencies = (
			);
			name = "Recomode-tvOS";
			productName = "Recomode-tvOS";
			productReference = 2D02E47B1E0B4A5D006451C7 /* Recomode-tvOS.app */;
			productType = "com.apple.product-type.application";
		};
		2D02E48F1E0B4A5D006451C7 /* Recomode-tvOSTests */ = {
			isa = PBXNativeTarget;
			buildConfigurationList = 2D02E4BB1E0B4A5E006451C7 /* Build configuration list for PBXNativeTarget "Recomode-tvOSTests" */;
			buildPhases = (
				2D02E48C1E0B4A5D006451C7 /* Sources */,
				2D02E48D1E0B4A5D006451C7 /* Frameworks */,
				2D02E48E1E0B4A5D006451C7 /* Resources */,
			);
			buildRules = (
			);
			dependencies = (
				2D02E4921E0B4A5D006451C7 /* PBXTargetDependency */,
			);
			name = "Recomode-tvOSTests";
			productName = "Recomode-tvOSTests";
			productReference = 2D02E4901E0B4A5D006451C7 /* Recomode-tvOSTests.xctest */;
			productType = "com.apple.product-type.bundle.unit-test";
		};
/* End PBXNativeTarget section */

/* Begin PBXProject section */
		83CBB9F71A601CBA00E9B192 /* Project object */ = {
			isa = PBXProject;
			attributes = {
				LastUpgradeCheck = 1130;
				TargetAttributes = {
					00E356ED1AD99517003FC87E = {
						CreatedOnToolsVersion = 6.2;
						TestTargetID = 13B07F861A680F5B00A75B9A;
					};
					13B07F861A680F5B00A75B9A = {
						LastSwiftMigration = 1120;
					};
					2D02E47A1E0B4A5D006451C7 = {
						CreatedOnToolsVersion = 8.2.1;
						ProvisioningStyle = Automatic;
					};
					2D02E48F1E0B4A5D006451C7 = {
						CreatedOnToolsVersion = 8.2.1;
						ProvisioningStyle = Automatic;
						TestTargetID = 2D02E47A1E0B4A5D006451C7;
					};
				};
			};
			buildConfigurationList = 83CBB9FA1A601CBA00E9B192 /* Build configuration list for PBXProject "Recomode" */;
			compatibilityVersion = "Xcode 3.2";
			developmentRegion = en;
			hasScannedForEncodings = 0;
			knownRegions = (
				en,
				Base,
			);
			mainGroup = 83CBB9F61A601CBA00E9B192;
			productRefGroup = 83CBBA001A601CBA00E9B192 /* Products */;
			projectDirPath = "";
			projectRoot = "";
			targets = (
				13B07F861A680F5B00A75B9A /* Recomode */,
				00E356ED1AD99517003FC87E /* RecomodeTests */,
				2D02E47A1E0B4A5D006451C7 /* Recomode-tvOS */,
				2D02E48F1E0B4A5D006451C7 /* Recomode-tvOSTests */,
			);
		};
/* End PBXProject section */

/* Begin PBXResourcesBuildPhase section */
		00E356EC1AD99517003FC87E /* Resources */ = {
			isa = PBXResourcesBuildPhase;
			buildActionMask = 2147483647;
			files = (
			);
			runOnlyForDeploymentPostprocessing = 0;
		};
		13B07F8E1A680F5B00A75B9A /* Resources */ = {
			isa = PBXResourcesBuildPhase;
			buildActionMask = 2147483647;
			files = (
				81AB9BB82411601600AC10FF /* LaunchScreen.storyboard in Resources */,
				13B07FBF1A68108700A75B9A /* Images.xcassets in Resources */,
				B4987C203B464E7DA4749B71 /* AntDesign.ttf in Resources */,
				6446A50BAAF047949E0F8210 /* Entypo.ttf in Resources */,
				1648462991A848E9A4B8F948 /* EvilIcons.ttf in Resources */,
				FEFBE2551F93437599FB72CB /* Feather.ttf in Resources */,
				958FEDDF986E41F980908FC2 /* FontAwesome.ttf in Resources */,
				0A32100819EB4ED5B2E672B4 /* FontAwesome5_Brands.ttf in Resources */,
				D80527CDD57845919B26ADE0 /* FontAwesome5_Regular.ttf in Resources */,
				CA7E791A6B9B448FAC2EF4AF /* FontAwesome5_Solid.ttf in Resources */,
				89FB76C68C214893A152E600 /* Fontisto.ttf in Resources */,
				8C2B910465054A5C8069BDB6 /* Foundation.ttf in Resources */,
				6FEC4754725B4646BE87C972 /* Ionicons.ttf in Resources */,
				85339AB8536C4C18A6521298 /* MaterialCommunityIcons.ttf in Resources */,
				66A1E5A0B9DE443C8B9CA569 /* MaterialIcons.ttf in Resources */,
				0F1FCA507FE34A728DE0E9C0 /* Octicons.ttf in Resources */,
				812571D2B12F4AEFA05CE328 /* SimpleLineIcons.ttf in Resources */,
				46F016A59A1E447FA865882A /* Zocial.ttf in Resources */,
				E97A85548F8349328F71459C /* SFProText-Bold.ttf in Resources */,
				8116A643B7C043E0A42934B9 /* SFProText-Regular.ttf in Resources */,
				40080808910646958627854E /* SFProText-Semibold.ttf in Resources */,
				88A09ACEAA9444C3859C75C4 /* ECLock.png in Resources */,
				E179B13E052C4B97ACC0C024 /* email.png in Resources */,
				260455717F9248EC9EE780B7 /* facebook.png in Resources */,
				05EE14CF4551430595862C69 /* google.png in Resources */,
				8CADEDBC9F184D0595307737 /* login.png in Resources */,
				9147E47631B64EC89AB7C763 /* manBlack.png in Resources */,
				014ABA2F28DF468985C66FE7 /* manBlonde.png in Resources */,
				C32E21E2276944A5948EE9B0 /* manBrown.png in Resources */,
				6B823125FF33437696ACF73F /* manGrey.png in Resources */,
				0F3C436199424CF191E1B6B1 /* manRed.png in Resources */,
				66D8F86AFC974CE8924B26BB /* manWhite.png in Resources */,
				CC88F465276C4D9481F174D4 /* men.png in Resources */,
				1AEEF547072C44FE9B63799D /* register.png in Resources */,
				210E1C3DB77C495685D252CD /* womanBlack.png in Resources */,
				4B2F6A49A572462AA69315B7 /* womanBlonde.png in Resources */,
				A62161BFBCB94833B5711572 /* womanBrown.png in Resources */,
				A1883F2F830248D9A88184CA /* womanGrey.png in Resources */,
				BE92E210E75740F1AD18DC82 /* womanRed.png in Resources */,
				F710D337CA9E4282A7442774 /* womanWhite.png in Resources */,
				02189BDF32E54EB8AA8204E4 /* 1.png in Resources */,
				AB4C41F88CBE484190D3A062 /* 2.jpg in Resources */,
				550602F67EBF4AEBA698C1DE /* 2.png in Resources */,
				4319CAA9D1434F5DB78F99DD /* 21.jpg in Resources */,
				3DEEF51F5BFF40318E995B2A /* 2u.png in Resources */,
				9C0412F3F3AF44CE96A815C8 /* 3.png in Resources */,
				DC5D78DB3CEB449D8B1AC39C /* 3Update.png in Resources */,
				CEAC89CD49F34AAF88EFEEF8 /* 4.png in Resources */,
				9A210141BD1D446EAD626683 /* 4Update.jpg in Resources */,
				2B114B48B55C4096A3C24AEC /* lgs.jpg in Resources */,
				D222A7FD12BB49D1800EE1E6 /* onBoard.jpg in Resources */,
				CFDBAF8C088F48EE9EF9858B /* onBoardPro.jpg in Resources */,
				8E5CDA984DB749A0AE7CA2CB /* p1.jpg in Resources */,
				10D9925045D346C4A6CDD01A /* Update2.png in Resources */,
				3EDF243CD641486DAF1F9905 /* userprofile.jpg in Resources */,
				A902664E8195471EB6902613 /* Welcome.jpg in Resources */,
				7218CEF841DA46449A92800A /* Montserrat-Black.otf in Resources */,
				7457EC10694A484696AB552D /* Montserrat-Bold.otf in Resources */,
				8F6843E3AF3B44EFBA06C201 /* Montserrat-BoldItalic.otf in Resources */,
				B3DCD8027A164EB1A464EF3A /* Montserrat-ExtraBold.otf in Resources */,
				28E157A1A44A40A897431954 /* Montserrat-Italic.otf in Resources */,
				CB9AD52CF16B4D0C8910C6FA /* Montserrat-Light.otf in Resources */,
				AC1E5843A33B4237816EF787 /* Montserrat-Medium.otf in Resources */,
				C44564FBB1FF4ED381504F21 /* Montserrat-Regular.otf in Resources */,
				D4B0CCE80400407E95AA5BF3 /* Montserrat-SemiBold.otf in Resources */,
				55AEB46B5B7C4BDBB56560FD /* Montserrat-Thin.otf in Resources */,
				769CC411B8EC460B9F835904 /* MontserratAlternates-SemiBold.otf in Resources */,
				E0C6C0EACB4A45F3A1B03603 /* SFProText-Bold.ttf in Resources */,
				E69E96A2489E4780A45D049E /* SFProText-Regular.ttf in Resources */,
				F3A151BBB92C40A3BDB35C43 /* SFProText-Semibold.ttf in Resources */,
				590C0B80FEF54D3DBA0E7E7B /* Shirt1.png in Resources */,
				93C361ED40FF4F338BE051FC /* Adidas_Logo.png in Resources */,
				F23F6752F3F14C20BFB17CEC /* Logo.png in Resources */,
			);
			runOnlyForDeploymentPostprocessing = 0;
		};
		2D02E4791E0B4A5D006451C7 /* Resources */ = {
			isa = PBXResourcesBuildPhase;
			buildActionMask = 2147483647;
			files = (
				2D02E4BD1E0B4A84006451C7 /* Images.xcassets in Resources */,
			);
			runOnlyForDeploymentPostprocessing = 0;
		};
		2D02E48E1E0B4A5D006451C7 /* Resources */ = {
			isa = PBXResourcesBuildPhase;
			buildActionMask = 2147483647;
			files = (
			);
			runOnlyForDeploymentPostprocessing = 0;
		};
/* End PBXResourcesBuildPhase section */

/* Begin PBXShellScriptBuildPhase section */
		00DD1BFF1BD5951E006B06BC /* Bundle React Native code and images */ = {
			isa = PBXShellScriptBuildPhase;
			buildActionMask = 2147483647;
			files = (
			);
			inputPaths = (
			);
			name = "Bundle React Native code and images";
			outputPaths = (
			);
			runOnlyForDeploymentPostprocessing = 0;
			shellPath = /bin/sh;
			shellScript = "export NODE_BINARY=node\n../node_modules/react-native/scripts/react-native-xcode.sh";
		};
		2D02E4CB1E0B4B27006451C7 /* Bundle React Native Code And Images */ = {
			isa = PBXShellScriptBuildPhase;
			buildActionMask = 2147483647;
			files = (
			);
			inputPaths = (
			);
			name = "Bundle React Native Code And Images";
			outputPaths = (
			);
			runOnlyForDeploymentPostprocessing = 0;
			shellPath = /bin/sh;
			shellScript = "export NODE_BINARY=node\n../node_modules/react-native/scripts/react-native-xcode.sh";
		};
		FD10A7F022414F080027D42C /* Start Packager */ = {
			isa = PBXShellScriptBuildPhase;
			buildActionMask = 2147483647;
			files = (
			);
			inputFileListPaths = (
			);
			inputPaths = (
			);
			name = "Start Packager";
			outputFileListPaths = (
			);
			outputPaths = (
			);
			runOnlyForDeploymentPostprocessing = 0;
			shellPath = /bin/sh;
			shellScript = "export RCT_METRO_PORT=\"${RCT_METRO_PORT:=8081}\"\necho \"export RCT_METRO_PORT=${RCT_METRO_PORT}\" > \"${SRCROOT}/../node_modules/react-native/scripts/.packager.env\"\nif [ -z \"${RCT_NO_LAUNCH_PACKAGER+xxx}\" ] ; then\n  if nc -w 5 -z localhost ${RCT_METRO_PORT} ; then\n    if ! curl -s \"http://localhost:${RCT_METRO_PORT}/status\" | grep -q \"packager-status:running\" ; then\n      echo \"Port ${RCT_METRO_PORT} already in use, packager is either not running or not running correctly\"\n      exit 2\n    fi\n  else\n    open \"$SRCROOT/../node_modules/react-native/scripts/launchPackager.command\" || echo \"Can't start packager automatically\"\n  fi\nfi\n";
			showEnvVarsInLog = 0;
		};
		FD10A7F122414F3F0027D42C /* Start Packager */ = {
			isa = PBXShellScriptBuildPhase;
			buildActionMask = 2147483647;
			files = (
			);
			inputFileListPaths = (
			);
			inputPaths = (
			);
			name = "Start Packager";
			outputFileListPaths = (
			);
			outputPaths = (
			);
			runOnlyForDeploymentPostprocessing = 0;
			shellPath = /bin/sh;
			shellScript = "export RCT_METRO_PORT=\"${RCT_METRO_PORT:=8081}\"\necho \"export RCT_METRO_PORT=${RCT_METRO_PORT}\" > \"${SRCROOT}/../node_modules/react-native/scripts/.packager.env\"\nif [ -z \"${RCT_NO_LAUNCH_PACKAGER+xxx}\" ] ; then\n  if nc -w 5 -z localhost ${RCT_METRO_PORT} ; then\n    if ! curl -s \"http://localhost:${RCT_METRO_PORT}/status\" | grep -q \"packager-status:running\" ; then\n      echo \"Port ${RCT_METRO_PORT} already in use, packager is either not running or not running correctly\"\n      exit 2\n    fi\n  else\n    open \"$SRCROOT/../node_modules/react-native/scripts/launchPackager.command\" || echo \"Can't start packager automatically\"\n  fi\nfi\n";
			showEnvVarsInLog = 0;
		};
/* End PBXShellScriptBuildPhase section */

/* Begin PBXSourcesBuildPhase section */
		00E356EA1AD99517003FC87E /* Sources */ = {
			isa = PBXSourcesBuildPhase;
			buildActionMask = 2147483647;
			files = (
				00E356F31AD99517003FC87E /* RecomodeTests.m in Sources */,
			);
			runOnlyForDeploymentPostprocessing = 0;
		};
		13B07F871A680F5B00A75B9A /* Sources */ = {
			isa = PBXSourcesBuildPhase;
			buildActionMask = 2147483647;
			files = (
				13B07FBC1A68108700A75B9A /* AppDelegate.m in Sources */,
				13B07FC11A68108700A75B9A /* main.m in Sources */,
			);
			runOnlyForDeploymentPostprocessing = 0;
		};
		2D02E4771E0B4A5D006451C7 /* Sources */ = {
			isa = PBXSourcesBuildPhase;
			buildActionMask = 2147483647;
			files = (
				2D02E4BF1E0B4AB3006451C7 /* main.m in Sources */,
				2D02E4BC1E0B4A80006451C7 /* AppDelegate.m in Sources */,
			);
			runOnlyForDeploymentPostprocessing = 0;
		};
		2D02E48C1E0B4A5D006451C7 /* Sources */ = {
			isa = PBXSourcesBuildPhase;
			buildActionMask = 2147483647;
			files = (
				2DCD954D1E0B4F2C00145EB5 /* RecomodeTests.m in Sources */,
			);
			runOnlyForDeploymentPostprocessing = 0;
		};
/* End PBXSourcesBuildPhase section */

/* Begin PBXTargetDependency section */
		00E356F51AD99517003FC87E /* PBXTargetDependency */ = {
			isa = PBXTargetDependency;
			target = 13B07F861A680F5B00A75B9A /* Recomode */;
			targetProxy = 00E356F41AD99517003FC87E /* PBXContainerItemProxy */;
		};
		2D02E4921E0B4A5D006451C7 /* PBXTargetDependency */ = {
			isa = PBXTargetDependency;
			target = 2D02E47A1E0B4A5D006451C7 /* Recomode-tvOS */;
			targetProxy = 2D02E4911E0B4A5D006451C7 /* PBXContainerItemProxy */;
		};
/* End PBXTargetDependency section */

/* Begin XCBuildConfiguration section */
		00E356F61AD99517003FC87E /* Debug */ = {
			isa = XCBuildConfiguration;
			buildSettings = {
				BUNDLE_LOADER = "$(TEST_HOST)";
				GCC_PREPROCESSOR_DEFINITIONS = (
					"DEBUG=1",
					"$(inherited)",
				);
				INFOPLIST_FILE = RecomodeTests/Info.plist;
				IPHONEOS_DEPLOYMENT_TARGET = 10.0;
				LD_RUNPATH_SEARCH_PATHS = "$(inherited) @executable_path/Frameworks @loader_path/Frameworks";
				OTHER_LDFLAGS = (
					"-ObjC",
					"-lc++",
					"$(inherited)",
				);
				PRODUCT_BUNDLE_IDENTIFIER = "org.reactjs.native.example.$(PRODUCT_NAME:rfc1034identifier)";
				PRODUCT_NAME = "$(TARGET_NAME)";
				TEST_HOST = "$(BUILT_PRODUCTS_DIR)/Recomode.app/Recomode";
			};
			name = Debug;
		};
		00E356F71AD99517003FC87E /* Release */ = {
			isa = XCBuildConfiguration;
			buildSettings = {
				BUNDLE_LOADER = "$(TEST_HOST)";
				COPY_PHASE_STRIP = NO;
				INFOPLIST_FILE = RecomodeTests/Info.plist;
				IPHONEOS_DEPLOYMENT_TARGET = 10.0;
				LD_RUNPATH_SEARCH_PATHS = "$(inherited) @executable_path/Frameworks @loader_path/Frameworks";
				OTHER_LDFLAGS = (
					"-ObjC",
					"-lc++",
					"$(inherited)",
				);
				PRODUCT_BUNDLE_IDENTIFIER = "org.reactjs.native.example.$(PRODUCT_NAME:rfc1034identifier)";
				PRODUCT_NAME = "$(TARGET_NAME)";
				TEST_HOST = "$(BUILT_PRODUCTS_DIR)/Recomode.app/Recomode";
			};
			name = Release;
		};
		13B07F941A680F5B00A75B9A /* Debug */ = {
			isa = XCBuildConfiguration;
			buildSettings = {
				ASSETCATALOG_COMPILER_APPICON_NAME = AppIcon;
				CLANG_ENABLE_MODULES = YES;
				CURRENT_PROJECT_VERSION = 1;
				ENABLE_BITCODE = NO;
				INFOPLIST_FILE = Recomode/Info.plist;
				LD_RUNPATH_SEARCH_PATHS = "$(inherited) @executable_path/Frameworks";
				OTHER_LDFLAGS = (
					"$(inherited)",
					"-ObjC",
					"-lc++",
				);
				PRODUCT_BUNDLE_IDENTIFIER = "org.reactjs.native.example.$(PRODUCT_NAME:rfc1034identifier)";
				PRODUCT_NAME = Recomode;
				SWIFT_OPTIMIZATION_LEVEL = "-Onone";
				SWIFT_VERSION = 5.0;
				VERSIONING_SYSTEM = "apple-generic";
			};
			name = Debug;
		};
		13B07F951A680F5B00A75B9A /* Release */ = {
			isa = XCBuildConfiguration;
			buildSettings = {
				ASSETCATALOG_COMPILER_APPICON_NAME = AppIcon;
				CLANG_ENABLE_MODULES = YES;
				CURRENT_PROJECT_VERSION = 1;
				INFOPLIST_FILE = Recomode/Info.plist;
				LD_RUNPATH_SEARCH_PATHS = "$(inherited) @executable_path/Frameworks";
				OTHER_LDFLAGS = (
					"$(inherited)",
					"-ObjC",
					"-lc++",
				);
				PRODUCT_BUNDLE_IDENTIFIER = "org.reactjs.native.example.$(PRODUCT_NAME:rfc1034identifier)";
				PRODUCT_NAME = Recomode;
				SWIFT_VERSION = 5.0;
				VERSIONING_SYSTEM = "apple-generic";
			};
			name = Release;
		};
		2D02E4971E0B4A5E006451C7 /* Debug */ = {
			isa = XCBuildConfiguration;
			buildSettings = {
				ASSETCATALOG_COMPILER_APPICON_NAME = "App Icon & Top Shelf Image";
				ASSETCATALOG_COMPILER_LAUNCHIMAGE_NAME = LaunchImage;
				CLANG_ANALYZER_NONNULL = YES;
				CLANG_WARN_DOCUMENTATION_COMMENTS = YES;
				CLANG_WARN_INFINITE_RECURSION = YES;
				CLANG_WARN_SUSPICIOUS_MOVE = YES;
				DEBUG_INFORMATION_FORMAT = dwarf;
				ENABLE_TESTABILITY = YES;
				GCC_NO_COMMON_BLOCKS = YES;
				INFOPLIST_FILE = "Recomode-tvOS/Info.plist";
				LD_RUNPATH_SEARCH_PATHS = "$(inherited) @executable_path/Frameworks";
				OTHER_LDFLAGS = (
					"$(inherited)",
					"-ObjC",
					"-lc++",
				);
				PRODUCT_BUNDLE_IDENTIFIER = "org.reactjs.native.example.Recomode-tvOS";
				PRODUCT_NAME = "$(TARGET_NAME)";
				SDKROOT = appletvos;
				TARGETED_DEVICE_FAMILY = 3;
				TVOS_DEPLOYMENT_TARGET = 10.0;
			};
			name = Debug;
		};
		2D02E4981E0B4A5E006451C7 /* Release */ = {
			isa = XCBuildConfiguration;
			buildSettings = {
				ASSETCATALOG_COMPILER_APPICON_NAME = "App Icon & Top Shelf Image";
				ASSETCATALOG_COMPILER_LAUNCHIMAGE_NAME = LaunchImage;
				CLANG_ANALYZER_NONNULL = YES;
				CLANG_WARN_DOCUMENTATION_COMMENTS = YES;
				CLANG_WARN_INFINITE_RECURSION = YES;
				CLANG_WARN_SUSPICIOUS_MOVE = YES;
				COPY_PHASE_STRIP = NO;
				DEBUG_INFORMATION_FORMAT = "dwarf-with-dsym";
				GCC_NO_COMMON_BLOCKS = YES;
				INFOPLIST_FILE = "Recomode-tvOS/Info.plist";
				LD_RUNPATH_SEARCH_PATHS = "$(inherited) @executable_path/Frameworks";
				OTHER_LDFLAGS = (
					"$(inherited)",
					"-ObjC",
					"-lc++",
				);
				PRODUCT_BUNDLE_IDENTIFIER = "org.reactjs.native.example.Recomode-tvOS";
				PRODUCT_NAME = "$(TARGET_NAME)";
				SDKROOT = appletvos;
				TARGETED_DEVICE_FAMILY = 3;
				TVOS_DEPLOYMENT_TARGET = 10.0;
			};
			name = Release;
		};
		2D02E4991E0B4A5E006451C7 /* Debug */ = {
			isa = XCBuildConfiguration;
			buildSettings = {
				BUNDLE_LOADER = "$(TEST_HOST)";
				CLANG_ANALYZER_NONNULL = YES;
				CLANG_WARN_DOCUMENTATION_COMMENTS = YES;
				CLANG_WARN_INFINITE_RECURSION = YES;
				CLANG_WARN_SUSPICIOUS_MOVE = YES;
				DEBUG_INFORMATION_FORMAT = dwarf;
				ENABLE_TESTABILITY = YES;
				GCC_NO_COMMON_BLOCKS = YES;
				INFOPLIST_FILE = "Recomode-tvOSTests/Info.plist";
				LD_RUNPATH_SEARCH_PATHS = "$(inherited) @executable_path/Frameworks @loader_path/Frameworks";
				OTHER_LDFLAGS = (
					"$(inherited)",
					"-ObjC",
					"-lc++",
				);
				PRODUCT_BUNDLE_IDENTIFIER = "org.reactjs.native.example.Recomode-tvOSTests";
				PRODUCT_NAME = "$(TARGET_NAME)";
				SDKROOT = appletvos;
				TEST_HOST = "$(BUILT_PRODUCTS_DIR)/Recomode-tvOS.app/Recomode-tvOS";
				TVOS_DEPLOYMENT_TARGET = 10.1;
			};
			name = Debug;
		};
		2D02E49A1E0B4A5E006451C7 /* Release */ = {
			isa = XCBuildConfiguration;
			buildSettings = {
				BUNDLE_LOADER = "$(TEST_HOST)";
				CLANG_ANALYZER_NONNULL = YES;
				CLANG_WARN_DOCUMENTATION_COMMENTS = YES;
				CLANG_WARN_INFINITE_RECURSION = YES;
				CLANG_WARN_SUSPICIOUS_MOVE = YES;
				COPY_PHASE_STRIP = NO;
				DEBUG_INFORMATION_FORMAT = "dwarf-with-dsym";
				GCC_NO_COMMON_BLOCKS = YES;
				INFOPLIST_FILE = "Recomode-tvOSTests/Info.plist";
				LD_RUNPATH_SEARCH_PATHS = "$(inherited) @executable_path/Frameworks @loader_path/Frameworks";
				OTHER_LDFLAGS = (
					"$(inherited)",
					"-ObjC",
					"-lc++",
				);
				PRODUCT_BUNDLE_IDENTIFIER = "org.reactjs.native.example.Recomode-tvOSTests";
				PRODUCT_NAME = "$(TARGET_NAME)";
				SDKROOT = appletvos;
				TEST_HOST = "$(BUILT_PRODUCTS_DIR)/Recomode-tvOS.app/Recomode-tvOS";
				TVOS_DEPLOYMENT_TARGET = 10.1;
			};
			name = Release;
		};
		83CBBA201A601CBA00E9B192 /* Debug */ = {
			isa = XCBuildConfiguration;
			buildSettings = {
				ALWAYS_SEARCH_USER_PATHS = NO;
				CLANG_ANALYZER_LOCALIZABILITY_NONLOCALIZED = YES;
				CLANG_CXX_LANGUAGE_STANDARD = "gnu++0x";
				CLANG_CXX_LIBRARY = "libc++";
				CLANG_ENABLE_MODULES = YES;
				CLANG_ENABLE_OBJC_ARC = YES;
				CLANG_WARN_BLOCK_CAPTURE_AUTORELEASING = YES;
				CLANG_WARN_BOOL_CONVERSION = YES;
				CLANG_WARN_COMMA = YES;
				CLANG_WARN_CONSTANT_CONVERSION = YES;
				CLANG_WARN_DEPRECATED_OBJC_IMPLEMENTATIONS = YES;
				CLANG_WARN_DIRECT_OBJC_ISA_USAGE = YES_ERROR;
				CLANG_WARN_EMPTY_BODY = YES;
				CLANG_WARN_ENUM_CONVERSION = YES;
				CLANG_WARN_INFINITE_RECURSION = YES;
				CLANG_WARN_INT_CONVERSION = YES;
				CLANG_WARN_NON_LITERAL_NULL_CONVERSION = YES;
				CLANG_WARN_OBJC_IMPLICIT_RETAIN_SELF = YES;
				CLANG_WARN_OBJC_LITERAL_CONVERSION = YES;
				CLANG_WARN_OBJC_ROOT_CLASS = YES_ERROR;
				CLANG_WARN_RANGE_LOOP_ANALYSIS = YES;
				CLANG_WARN_STRICT_PROTOTYPES = YES;
				CLANG_WARN_SUSPICIOUS_MOVE = YES;
				CLANG_WARN_UNREACHABLE_CODE = YES;
				CLANG_WARN__DUPLICATE_METHOD_MATCH = YES;
				"CODE_SIGN_IDENTITY[sdk=iphoneos*]" = "iPhone Developer";
				COPY_PHASE_STRIP = NO;
				ENABLE_STRICT_OBJC_MSGSEND = YES;
				ENABLE_TESTABILITY = YES;
				GCC_C_LANGUAGE_STANDARD = gnu99;
				GCC_DYNAMIC_NO_PIC = NO;
				GCC_NO_COMMON_BLOCKS = YES;
				GCC_OPTIMIZATION_LEVEL = 0;
				GCC_PREPROCESSOR_DEFINITIONS = (
					"DEBUG=1",
					"$(inherited)",
				);
				GCC_SYMBOLS_PRIVATE_EXTERN = NO;
				GCC_WARN_64_TO_32_BIT_CONVERSION = YES;
				GCC_WARN_ABOUT_RETURN_TYPE = YES_ERROR;
				GCC_WARN_UNDECLARED_SELECTOR = YES;
				GCC_WARN_UNINITIALIZED_AUTOS = YES_AGGRESSIVE;
				GCC_WARN_UNUSED_FUNCTION = YES;
				GCC_WARN_UNUSED_VARIABLE = YES;
				IPHONEOS_DEPLOYMENT_TARGET = 10.0;
				LD_RUNPATH_SEARCH_PATHS = "/usr/lib/swift $(inherited)";
				LIBRARY_SEARCH_PATHS = (
					"\"$(TOOLCHAIN_DIR)/usr/lib/swift/$(PLATFORM_NAME)\"",
					"\"$(TOOLCHAIN_DIR)/usr/lib/swift-5.0/$(PLATFORM_NAME)\"",
					"\"$(inherited)\"",
				);
				MTL_ENABLE_DEBUG_INFO = YES;
				ONLY_ACTIVE_ARCH = YES;
				SDKROOT = iphoneos;
			};
			name = Debug;
		};
		83CBBA211A601CBA00E9B192 /* Release */ = {
			isa = XCBuildConfiguration;
			buildSettings = {
				ALWAYS_SEARCH_USER_PATHS = NO;
				CLANG_ANALYZER_LOCALIZABILITY_NONLOCALIZED = YES;
				CLANG_CXX_LANGUAGE_STANDARD = "gnu++0x";
				CLANG_CXX_LIBRARY = "libc++";
				CLANG_ENABLE_MODULES = YES;
				CLANG_ENABLE_OBJC_ARC = YES;
				CLANG_WARN_BLOCK_CAPTURE_AUTORELEASING = YES;
				CLANG_WARN_BOOL_CONVERSION = YES;
				CLANG_WARN_COMMA = YES;
				CLANG_WARN_CONSTANT_CONVERSION = YES;
				CLANG_WARN_DEPRECATED_OBJC_IMPLEMENTATIONS = YES;
				CLANG_WARN_DIRECT_OBJC_ISA_USAGE = YES_ERROR;
				CLANG_WARN_EMPTY_BODY = YES;
				CLANG_WARN_ENUM_CONVERSION = YES;
				CLANG_WARN_INFINITE_RECURSION = YES;
				CLANG_WARN_INT_CONVERSION = YES;
				CLANG_WARN_NON_LITERAL_NULL_CONVERSION = YES;
				CLANG_WARN_OBJC_IMPLICIT_RETAIN_SELF = YES;
				CLANG_WARN_OBJC_LITERAL_CONVERSION = YES;
				CLANG_WARN_OBJC_ROOT_CLASS = YES_ERROR;
				CLANG_WARN_RANGE_LOOP_ANALYSIS = YES;
				CLANG_WARN_STRICT_PROTOTYPES = YES;
				CLANG_WARN_SUSPICIOUS_MOVE = YES;
				CLANG_WARN_UNREACHABLE_CODE = YES;
				CLANG_WARN__DUPLICATE_METHOD_MATCH = YES;
				"CODE_SIGN_IDENTITY[sdk=iphoneos*]" = "iPhone Developer";
				COPY_PHASE_STRIP = YES;
				ENABLE_NS_ASSERTIONS = NO;
				ENABLE_STRICT_OBJC_MSGSEND = YES;
				GCC_C_LANGUAGE_STANDARD = gnu99;
				GCC_NO_COMMON_BLOCKS = YES;
				GCC_WARN_64_TO_32_BIT_CONVERSION = YES;
				GCC_WARN_ABOUT_RETURN_TYPE = YES_ERROR;
				GCC_WARN_UNDECLARED_SELECTOR = YES;
				GCC_WARN_UNINITIALIZED_AUTOS = YES_AGGRESSIVE;
				GCC_WARN_UNUSED_FUNCTION = YES;
				GCC_WARN_UNUSED_VARIABLE = YES;
				IPHONEOS_DEPLOYMENT_TARGET = 10.0;
				LD_RUNPATH_SEARCH_PATHS = "/usr/lib/swift $(inherited)";
				LIBRARY_SEARCH_PATHS = (
					"\"$(TOOLCHAIN_DIR)/usr/lib/swift/$(PLATFORM_NAME)\"",
					"\"$(TOOLCHAIN_DIR)/usr/lib/swift-5.0/$(PLATFORM_NAME)\"",
					"\"$(inherited)\"",
				);
				MTL_ENABLE_DEBUG_INFO = NO;
				SDKROOT = iphoneos;
				VALIDATE_PRODUCT = YES;
			};
			name = Release;
		};
/* End XCBuildConfiguration section */

/* Begin XCConfigurationList section */
		00E357021AD99517003FC87E /* Build configuration list for PBXNativeTarget "RecomodeTests" */ = {
			isa = XCConfigurationList;
			buildConfigurations = (
				00E356F61AD99517003FC87E /* Debug */,
				00E356F71AD99517003FC87E /* Release */,
			);
			defaultConfigurationIsVisible = 0;
			defaultConfigurationName = Release;
		};
		13B07F931A680F5B00A75B9A /* Build configuration list for PBXNativeTarget "Recomode" */ = {
			isa = XCConfigurationList;
			buildConfigurations = (
				13B07F941A680F5B00A75B9A /* Debug */,
				13B07F951A680F5B00A75B9A /* Release */,
			);
			defaultConfigurationIsVisible = 0;
			defaultConfigurationName = Release;
		};
		2D02E4BA1E0B4A5E006451C7 /* Build configuration list for PBXNativeTarget "Recomode-tvOS" */ = {
			isa = XCConfigurationList;
			buildConfigurations = (
				2D02E4971E0B4A5E006451C7 /* Debug */,
				2D02E4981E0B4A5E006451C7 /* Release */,
			);
			defaultConfigurationIsVisible = 0;
			defaultConfigurationName = Release;
		};
		2D02E4BB1E0B4A5E006451C7 /* Build configuration list for PBXNativeTarget "Recomode-tvOSTests" */ = {
			isa = XCConfigurationList;
			buildConfigurations = (
				2D02E4991E0B4A5E006451C7 /* Debug */,
				2D02E49A1E0B4A5E006451C7 /* Release */,
			);
			defaultConfigurationIsVisible = 0;
			defaultConfigurationName = Release;
		};
		83CBB9FA1A601CBA00E9B192 /* Build configuration list for PBXProject "Recomode" */ = {
			isa = XCConfigurationList;
			buildConfigurations = (
				83CBBA201A601CBA00E9B192 /* Debug */,
				83CBBA211A601CBA00E9B192 /* Release */,
			);
			defaultConfigurationIsVisible = 0;
			defaultConfigurationName = Release;
		};
/* End XCConfigurationList section */
	};
	rootObject = 83CBB9F71A601CBA00E9B192 /* Project object */;
}
